
Microsoft Visual Studio Solution File, Format Version 10.00
# Visual C# Express 2008
Project("{FAE04EC0-301F-11D3-BF4B-00C04F79EFBC}") = "test_billboardingu", "test_billboardingu\test_billboardingu.csproj", "{07CA56C8-8831-460D-9307-9C2EB4763325}"
EndProject
Global
	GlobalSection(SolutionConfigurationPlatforms) = preSolution
		Debug|Any CPU = Debug|Any CPU
		Release|Any CPU = Release|Any CPU
	EndGlobalSection
	GlobalSection(ProjectConfigurationPlatforms) = postSolution
		{07CA56C8-8831-460D-9307-9C2EB4763325}.Debug|Any CPU.ActiveCfg = Debug|Any CPU
		{07CA56C8-8831-460D-9307-9C2EB4763325}.Debug|Any CPU.Build.0 = Debug|Any CPU
		{07CA56C8-8831-460D-9307-9C2EB4763325}.Release|Any CPU.ActiveCfg = Release|Any CPU
		{07CA56C8-8831-460D-9307-9C2EB4763325}.Release|Any CPU.Build.0 = Release|Any CPU
	EndGlobalSection
	GlobalSection(SolutionProperties) = preSolution
		HideSolutionNode = FALSE
	EndGlobalSection
EndGlobal
