
Microsoft Visual Studio Solution File, Format Version 10.00
# Visual C# Express 2008
Project("{FAE04EC0-301F-11D3-BF4B-00C04F79EFBC}") = "testObrotu", "testObrotu\testObrotu.csproj", "{FFCB71A3-9328-4030-80E5-4D3A36BAF541}"
EndProject
Global
	GlobalSection(SolutionConfigurationPlatforms) = preSolution
		Debug|Any CPU = Debug|Any CPU
		Release|Any CPU = Release|Any CPU
	EndGlobalSection
	GlobalSection(ProjectConfigurationPlatforms) = postSolution
		{FFCB71A3-9328-4030-80E5-4D3A36BAF541}.Debug|Any CPU.ActiveCfg = Debug|Any CPU
		{FFCB71A3-9328-4030-80E5-4D3A36BAF541}.Debug|Any CPU.Build.0 = Debug|Any CPU
		{FFCB71A3-9328-4030-80E5-4D3A36BAF541}.Release|Any CPU.ActiveCfg = Release|Any CPU
		{FFCB71A3-9328-4030-80E5-4D3A36BAF541}.Release|Any CPU.Build.0 = Release|Any CPU
	EndGlobalSection
	GlobalSection(SolutionProperties) = preSolution
		HideSolutionNode = FALSE
	EndGlobalSection
EndGlobal
